// !$*UTF8*$!
{
	archiveVersion = 1;
	classes = {
	};
	objectVersion = 46;
	objects = {

/* Begin PBXBuildFile section */
		8A05E3BC1D5B12CB0059C319 /* Main.storyboard in Resources */ = {isa = PBXBuildFile; fileRef = 8A05E3BB1D5B12CB0059C319 /* Main.storyboard */; };
		8A05E3BF1D5B12DF0059C319 /* MainViewController.m in Sources */ = {isa = PBXBuildFile; fileRef = 8A05E3BE1D5B12DF0059C319 /* MainViewController.m */; };
		8A05E3C31D5B15AB0059C319 /* TextViewViewController.m in Sources */ = {isa = PBXBuildFile; fileRef = 8A05E3C21D5B15AB0059C319 /* TextViewViewController.m */; };
		8A50E14B1D3DF22B002DC69E /* Vergil_TextView.m in Sources */ = {isa = PBXBuildFile; fileRef = 8A50E1491D3DF22B002DC69E /* Vergil_TextView.m */; };
		8A50E1521D3DF2ED002DC69E /* WebViewController.m in Sources */ = {isa = PBXBuildFile; fileRef = 8A50E1511D3DF2ED002DC69E /* WebViewController.m */; };
		8A50E1551D3DF9A3002DC69E /* Vergil_WKWebView.m in Sources */ = {isa = PBXBuildFile; fileRef = 8A50E1541D3DF9A3002DC69E /* Vergil_WKWebView.m */; };
		8A8C09B11D9A478900DA35B7 /* FirstViewCtrl.m in Sources */ = {isa = PBXBuildFile; fileRef = 8A8C09B01D9A478900DA35B7 /* FirstViewCtrl.m */; };
		8A8C09B41D9A479A00DA35B7 /* SecViewCtrl.m in Sources */ = {isa = PBXBuildFile; fileRef = 8A8C09B31D9A479A00DA35B7 /* SecViewCtrl.m */; };
		8A8C09B71D9A47AA00DA35B7 /* ThirViewCtrl.m in Sources */ = {isa = PBXBuildFile; fileRef = 8A8C09B61D9A47AA00DA35B7 /* ThirViewCtrl.m */; };
		8A8C09B91D9A4AC200DA35B7 /* SLiderView.storyboard in Resources */ = {isa = PBXBuildFile; fileRef = 8A8C09B81D9A4AC200DA35B7 /* SLiderView.storyboard */; };
		8ACF94BF1D2E56FD0058EE7C /* main.m in Sources */ = {isa = PBXBuildFile; fileRef = 8ACF94BE1D2E56FD0058EE7C /* main.m */; };
		8ACF94C21D2E56FD0058EE7C /* AppDelegate.m in Sources */ = {isa = PBXBuildFile; fileRef = 8ACF94C11D2E56FD0058EE7C /* AppDelegate.m */; };
		8ACF94CA1D2E56FD0058EE7C /* Assets.xcassets in Resources */ = {isa = PBXBuildFile; fileRef = 8ACF94C91D2E56FD0058EE7C /* Assets.xcassets */; };
		8ACF94CD1D2E56FD0058EE7C /* LaunchScreen.storyboard in Resources */ = {isa = PBXBuildFile; fileRef = 8ACF94CB1D2E56FD0058EE7C /* LaunchScreen.storyboard */; };
		8ACF94D81D2E56FD0058EE7C /* iOS_UtilTests.m in Sources */ = {isa = PBXBuildFile; fileRef = 8ACF94D71D2E56FD0058EE7C /* iOS_UtilTests.m */; };
		8ACF94E31D2E56FD0058EE7C /* iOS_UtilUITests.m in Sources */ = {isa = PBXBuildFile; fileRef = 8ACF94E21D2E56FD0058EE7C /* iOS_UtilUITests.m */; };
		8ACF94F31D2E57660058EE7C /* UIColor+Util.m in Sources */ = {isa = PBXBuildFile; fileRef = 8ACF94F21D2E57660058EE7C /* UIColor+Util.m */; };
		8ACF94F61D2E57F80058EE7C /* CALayer+Util.m in Sources */ = {isa = PBXBuildFile; fileRef = 8ACF94F51D2E57F80058EE7C /* CALayer+Util.m */; };
		8AFBF1701D5C479500E1F683 /* SildeNavViewController.m in Sources */ = {isa = PBXBuildFile; fileRef = 8AFBF16F1D5C479500E1F683 /* SildeNavViewController.m */; };
		8AFBF1741D5C671B00E1F683 /* Vergil_ScrollView.m in Sources */ = {isa = PBXBuildFile; fileRef = 8AFBF1731D5C671B00E1F683 /* Vergil_ScrollView.m */; };
		8AFCF6361D9B692700D19482 /* SlideLabel.m in Sources */ = {isa = PBXBuildFile; fileRef = 8AFCF6351D9B692700D19482 /* SlideLabel.m */; };
		8AFF912C1D2FBF0000180BAD /* BaseViewController.m in Sources */ = {isa = PBXBuildFile; fileRef = 8AFF912B1D2FBF0000180BAD /* BaseViewController.m */; };
/* End PBXBuildFile section */

/* Begin PBXContainerItemProxy section */
		8ACF94D41D2E56FD0058EE7C /* PBXContainerItemProxy */ = {
			isa = PBXContainerItemProxy;
			containerPortal = 8ACF94B21D2E56FD0058EE7C /* Project object */;
			proxyType = 1;
			remoteGlobalIDString = 8ACF94B91D2E56FD0058EE7C;
			remoteInfo = "iOS Util";
		};
		8ACF94DF1D2E56FD0058EE7C /* PBXContainerItemProxy */ = {
			isa = PBXContainerItemProxy;
			containerPortal = 8ACF94B21D2E56FD0058EE7C /* Project object */;
			proxyType = 1;
			remoteGlobalIDString = 8ACF94B91D2E56FD0058EE7C;
			remoteInfo = "iOS Util";
		};
/* End PBXContainerItemProxy section */

/* Begin PBXFileReference section */
		8A05E3BB1D5B12CB0059C319 /* Main.storyboard */ = {isa = PBXFileReference; fileEncoding = 4; lastKnownFileType = file.storyboard; path = Main.storyboard; sourceTree = "<group>"; };
		8A05E3BD1D5B12DF0059C319 /* MainViewController.h */ = {isa = PBXFileReference; fileEncoding = 4; lastKnownFileType = sourcecode.c.h; path = MainViewController.h; sourceTree = "<group>"; };
		8A05E3BE1D5B12DF0059C319 /* MainViewController.m */ = {isa = PBXFileReference; fileEncoding = 4; lastKnownFileType = sourcecode.c.objc; path = MainViewController.m; sourceTree = "<group>"; };
		8A05E3C11D5B15AB0059C319 /* TextViewViewController.h */ = {isa = PBXFileReference; fileEncoding = 4; lastKnownFileType = sourcecode.c.h; path = TextViewViewController.h; sourceTree = "<group>"; };
		8A05E3C21D5B15AB0059C319 /* TextViewViewController.m */ = {isa = PBXFileReference; fileEncoding = 4; lastKnownFileType = sourcecode.c.objc; path = TextViewViewController.m; sourceTree = "<group>"; };
		8A50E1491D3DF22B002DC69E /* Vergil_TextView.m */ = {isa = PBXFileReference; fileEncoding = 4; lastKnownFileType = sourcecode.c.objc; path = Vergil_TextView.m; sourceTree = "<group>"; };
		8A50E14A1D3DF22B002DC69E /* Vergil_TextView.h */ = {isa = PBXFileReference; fileEncoding = 4; lastKnownFileType = sourcecode.c.h; path = Vergil_TextView.h; sourceTree = "<group>"; };
		8A50E1501D3DF2ED002DC69E /* WebViewController.h */ = {isa = PBXFileReference; fileEncoding = 4; lastKnownFileType = sourcecode.c.h; path = WebViewController.h; sourceTree = "<group>"; };
		8A50E1511D3DF2ED002DC69E /* WebViewController.m */ = {isa = PBXFileReference; fileEncoding = 4; lastKnownFileType = sourcecode.c.objc; path = WebViewController.m; sourceTree = "<group>"; };
		8A50E1531D3DF9A3002DC69E /* Vergil_WKWebView.h */ = {isa = PBXFileReference; fileEncoding = 4; lastKnownFileType = sourcecode.c.h; path = Vergil_WKWebView.h; sourceTree = "<group>"; };
		8A50E1541D3DF9A3002DC69E /* Vergil_WKWebView.m */ = {isa = PBXFileReference; fileEncoding = 4; lastKnownFileType = sourcecode.c.objc; path = Vergil_WKWebView.m; sourceTree = "<group>"; };
		8A8C09AF1D9A478900DA35B7 /* FirstViewCtrl.h */ = {isa = PBXFileReference; fileEncoding = 4; lastKnownFileType = sourcecode.c.h; path = FirstViewCtrl.h; sourceTree = "<group>"; };
		8A8C09B01D9A478900DA35B7 /* FirstViewCtrl.m */ = {isa = PBXFileReference; fileEncoding = 4; lastKnownFileType = sourcecode.c.objc; path = FirstViewCtrl.m; sourceTree = "<group>"; };
		8A8C09B21D9A479A00DA35B7 /* SecViewCtrl.h */ = {isa = PBXFileReference; fileEncoding = 4; lastKnownFileType = sourcecode.c.h; path = SecViewCtrl.h; sourceTree = "<group>"; };
		8A8C09B31D9A479A00DA35B7 /* SecViewCtrl.m */ = {isa = PBXFileReference; fileEncoding = 4; lastKnownFileType = sourcecode.c.objc; path = SecViewCtrl.m; sourceTree = "<group>"; };
		8A8C09B51D9A47AA00DA35B7 /* ThirViewCtrl.h */ = {isa = PBXFileReference; fileEncoding = 4; lastKnownFileType = sourcecode.c.h; path = ThirViewCtrl.h; sourceTree = "<group>"; };
		8A8C09B61D9A47AA00DA35B7 /* ThirViewCtrl.m */ = {isa = PBXFileReference; fileEncoding = 4; lastKnownFileType = sourcecode.c.objc; path = ThirViewCtrl.m; sourceTree = "<group>"; };
		8A8C09B81D9A4AC200DA35B7 /* SLiderView.storyboard */ = {isa = PBXFileReference; fileEncoding = 4; lastKnownFileType = file.storyboard; path = SLiderView.storyboard; sourceTree = "<group>"; };
		8ACF94BA1D2E56FD0058EE7C /* iOS Util.app */ = {isa = PBXFileReference; explicitFileType = wrapper.application; includeInIndex = 0; path = "iOS Util.app"; sourceTree = BUILT_PRODUCTS_DIR; };
		8ACF94BE1D2E56FD0058EE7C /* main.m */ = {isa = PBXFileReference; lastKnownFileType = sourcecode.c.objc; path = main.m; sourceTree = "<group>"; };
		8ACF94C01D2E56FD0058EE7C /* AppDelegate.h */ = {isa = PBXFileReference; lastKnownFileType = sourcecode.c.h; path = AppDelegate.h; sourceTree = "<group>"; };
		8ACF94C11D2E56FD0058EE7C /* AppDelegate.m */ = {isa = PBXFileReference; lastKnownFileType = sourcecode.c.objc; path = AppDelegate.m; sourceTree = "<group>"; };
		8ACF94C91D2E56FD0058EE7C /* Assets.xcassets */ = {isa = PBXFileReference; lastKnownFileType = folder.assetcatalog; path = Assets.xcassets; sourceTree = "<group>"; };
		8ACF94CC1D2E56FD0058EE7C /* Base */ = {isa = PBXFileReference; lastKnownFileType = file.storyboard; name = Base; path = Base.lproj/LaunchScreen.storyboard; sourceTree = "<group>"; };
		8ACF94CE1D2E56FD0058EE7C /* Info.plist */ = {isa = PBXFileReference; lastKnownFileType = text.plist.xml; path = Info.plist; sourceTree = "<group>"; };
		8ACF94D31D2E56FD0058EE7C /* iOS UtilTests.xctest */ = {isa = PBXFileReference; explicitFileType = wrapper.cfbundle; includeInIndex = 0; path = "iOS UtilTests.xctest"; sourceTree = BUILT_PRODUCTS_DIR; };
		8ACF94D71D2E56FD0058EE7C /* iOS_UtilTests.m */ = {isa = PBXFileReference; lastKnownFileType = sourcecode.c.objc; path = iOS_UtilTests.m; sourceTree = "<group>"; };
		8ACF94D91D2E56FD0058EE7C /* Info.plist */ = {isa = PBXFileReference; lastKnownFileType = text.plist.xml; path = Info.plist; sourceTree = "<group>"; };
		8ACF94DE1D2E56FD0058EE7C /* iOS UtilUITests.xctest */ = {isa = PBXFileReference; explicitFileType = wrapper.cfbundle; includeInIndex = 0; path = "iOS UtilUITests.xctest"; sourceTree = BUILT_PRODUCTS_DIR; };
		8ACF94E21D2E56FD0058EE7C /* iOS_UtilUITests.m */ = {isa = PBXFileReference; lastKnownFileType = sourcecode.c.objc; path = iOS_UtilUITests.m; sourceTree = "<group>"; };
		8ACF94E41D2E56FD0058EE7C /* Info.plist */ = {isa = PBXFileReference; lastKnownFileType = text.plist.xml; path = Info.plist; sourceTree = "<group>"; };
		8ACF94F11D2E57660058EE7C /* UIColor+Util.h */ = {isa = PBXFileReference; fileEncoding = 4; lastKnownFileType = sourcecode.c.h; path = "UIColor+Util.h"; sourceTree = "<group>"; };
		8ACF94F21D2E57660058EE7C /* UIColor+Util.m */ = {isa = PBXFileReference; fileEncoding = 4; lastKnownFileType = sourcecode.c.objc; path = "UIColor+Util.m"; sourceTree = "<group>"; };
		8ACF94F41D2E57F80058EE7C /* CALayer+Util.h */ = {isa = PBXFileReference; fileEncoding = 4; lastKnownFileType = sourcecode.c.h; path = "CALayer+Util.h"; sourceTree = "<group>"; };
		8ACF94F51D2E57F80058EE7C /* CALayer+Util.m */ = {isa = PBXFileReference; fileEncoding = 4; lastKnownFileType = sourcecode.c.objc; path = "CALayer+Util.m"; sourceTree = "<group>"; };
		8ACF94F71D2E58B60058EE7C /* Util.pch */ = {isa = PBXFileReference; lastKnownFileType = sourcecode.c.h; path = Util.pch; sourceTree = "<group>"; };
		8AFBF16E1D5C479500E1F683 /* SildeNavViewController.h */ = {isa = PBXFileReference; fileEncoding = 4; lastKnownFileType = sourcecode.c.h; path = SildeNavViewController.h; sourceTree = "<group>"; };
		8AFBF16F1D5C479500E1F683 /* SildeNavViewController.m */ = {isa = PBXFileReference; fileEncoding = 4; lastKnownFileType = sourcecode.c.objc; path = SildeNavViewController.m; sourceTree = "<group>"; };
		8AFBF1721D5C671B00E1F683 /* Vergil_ScrollView.h */ = {isa = PBXFileReference; fileEncoding = 4; lastKnownFileType = sourcecode.c.h; path = Vergil_ScrollView.h; sourceTree = "<group>"; };
		8AFBF1731D5C671B00E1F683 /* Vergil_ScrollView.m */ = {isa = PBXFileReference; fileEncoding = 4; lastKnownFileType = sourcecode.c.objc; path = Vergil_ScrollView.m; sourceTree = "<group>"; };
		8AFCF6341D9B692700D19482 /* SlideLabel.h */ = {isa = PBXFileReference; fileEncoding = 4; lastKnownFileType = sourcecode.c.h; path = SlideLabel.h; sourceTree = "<group>"; };
		8AFCF6351D9B692700D19482 /* SlideLabel.m */ = {isa = PBXFileReference; fileEncoding = 4; lastKnownFileType = sourcecode.c.objc; path = SlideLabel.m; sourceTree = "<group>"; };
		8AFF912A1D2FBF0000180BAD /* BaseViewController.h */ = {isa = PBXFileReference; fileEncoding = 4; lastKnownFileType = sourcecode.c.h; path = BaseViewController.h; sourceTree = "<group>"; };
		8AFF912B1D2FBF0000180BAD /* BaseViewController.m */ = {isa = PBXFileReference; fileEncoding = 4; lastKnownFileType = sourcecode.c.objc; path = BaseViewController.m; sourceTree = "<group>"; };
/* End PBXFileReference section */

/* Begin PBXFrameworksBuildPhase section */
		8ACF94B71D2E56FD0058EE7C /* Frameworks */ = {
			isa = PBXFrameworksBuildPhase;
			buildActionMask = 2147483647;
			files = (
			);
			runOnlyForDeploymentPostprocessing = 0;
		};
		8ACF94D01D2E56FD0058EE7C /* Frameworks */ = {
			isa = PBXFrameworksBuildPhase;
			buildActionMask = 2147483647;
			files = (
			);
			runOnlyForDeploymentPostprocessing = 0;
		};
		8ACF94DB1D2E56FD0058EE7C /* Frameworks */ = {
			isa = PBXFrameworksBuildPhase;
			buildActionMask = 2147483647;
			files = (
			);
			runOnlyForDeploymentPostprocessing = 0;
		};
/* End PBXFrameworksBuildPhase section */

/* Begin PBXGroup section */
		8A0040B81D333625006B7D84 /* Views */ = {
			isa = PBXGroup;
			children = (
				8AFBF1711D5C66FF00E1F683 /* ScrollView */,
				8A50E14C1D3DF245002DC69E /* WebView */,
				8A50E1481D3DF216002DC69E /* TextView */,
			);
			path = Views;
			sourceTree = "<group>";
		};
		8A05E3C01D5B159D0059C319 /* TextviewController */ = {
			isa = PBXGroup;
			children = (
				8A05E3C11D5B15AB0059C319 /* TextViewViewController.h */,
				8A05E3C21D5B15AB0059C319 /* TextViewViewController.m */,
			);
			path = TextviewController;
			sourceTree = "<group>";
		};
		8A50E1481D3DF216002DC69E /* TextView */ = {
			isa = PBXGroup;
			children = (
				8A50E14A1D3DF22B002DC69E /* Vergil_TextView.h */,
				8A50E1491D3DF22B002DC69E /* Vergil_TextView.m */,
			);
			path = TextView;
			sourceTree = "<group>";
		};
		8A50E14C1D3DF245002DC69E /* WebView */ = {
			isa = PBXGroup;
			children = (
				8A50E1531D3DF9A3002DC69E /* Vergil_WKWebView.h */,
				8A50E1541D3DF9A3002DC69E /* Vergil_WKWebView.m */,
			);
			path = WebView;
			sourceTree = "<group>";
		};
		8A50E14D1D3DF28A002DC69E /* WebViewController */ = {
			isa = PBXGroup;
			children = (
				8A50E1501D3DF2ED002DC69E /* WebViewController.h */,
				8A50E1511D3DF2ED002DC69E /* WebViewController.m */,
			);
			path = WebViewController;
			sourceTree = "<group>";
		};
		8A8C09AE1D9A471700DA35B7 /* ViewsInIt */ = {
			isa = PBXGroup;
			children = (
				8A8C09AF1D9A478900DA35B7 /* FirstViewCtrl.h */,
				8A8C09B01D9A478900DA35B7 /* FirstViewCtrl.m */,
				8A8C09B21D9A479A00DA35B7 /* SecViewCtrl.h */,
				8A8C09B31D9A479A00DA35B7 /* SecViewCtrl.m */,
				8A8C09B51D9A47AA00DA35B7 /* ThirViewCtrl.h */,
				8A8C09B61D9A47AA00DA35B7 /* ThirViewCtrl.m */,
			);
			path = ViewsInIt;
			sourceTree = "<group>";
		};
		8ACF94B11D2E56FD0058EE7C = {
			isa = PBXGroup;
			children = (
				8ACF94BC1D2E56FD0058EE7C /* iOS Util */,
				8ACF94D61D2E56FD0058EE7C /* iOS UtilTests */,
				8ACF94E11D2E56FD0058EE7C /* iOS UtilUITests */,
				8ACF94BB1D2E56FD0058EE7C /* Products */,
			);
			sourceTree = "<group>";
		};
		8ACF94BB1D2E56FD0058EE7C /* Products */ = {
			isa = PBXGroup;
			children = (
				8ACF94BA1D2E56FD0058EE7C /* iOS Util.app */,
				8ACF94D31D2E56FD0058EE7C /* iOS UtilTests.xctest */,
				8ACF94DE1D2E56FD0058EE7C /* iOS UtilUITests.xctest */,
			);
			name = Products;
			sourceTree = "<group>";
		};
		8ACF94BC1D2E56FD0058EE7C /* iOS Util */ = {
			isa = PBXGroup;
			children = (
				8ACF94F01D2E57540058EE7C /* Category */,
				8A0040B81D333625006B7D84 /* Views */,
				8AFF91291D2FBEEC00180BAD /* Controllers */,
				8ACF94C01D2E56FD0058EE7C /* AppDelegate.h */,
				8ACF94C11D2E56FD0058EE7C /* AppDelegate.m */,
				8ACF94C91D2E56FD0058EE7C /* Assets.xcassets */,
				8ACF94CB1D2E56FD0058EE7C /* LaunchScreen.storyboard */,
				8ACF94CE1D2E56FD0058EE7C /* Info.plist */,
				8ACF94BD1D2E56FD0058EE7C /* Supporting Files */,
			);
			path = "iOS Util";
			sourceTree = "<group>";
		};
		8ACF94BD1D2E56FD0058EE7C /* Supporting Files */ = {
			isa = PBXGroup;
			children = (
				8ACF94BE1D2E56FD0058EE7C /* main.m */,
				8ACF94F71D2E58B60058EE7C /* Util.pch */,
			);
			name = "Supporting Files";
			sourceTree = "<group>";
		};
		8ACF94D61D2E56FD0058EE7C /* iOS UtilTests */ = {
			isa = PBXGroup;
			children = (
				8ACF94D71D2E56FD0058EE7C /* iOS_UtilTests.m */,
				8ACF94D91D2E56FD0058EE7C /* Info.plist */,
			);
			path = "iOS UtilTests";
			sourceTree = "<group>";
		};
		8ACF94E11D2E56FD0058EE7C /* iOS UtilUITests */ = {
			isa = PBXGroup;
			children = (
				8ACF94E21D2E56FD0058EE7C /* iOS_UtilUITests.m */,
				8ACF94E41D2E56FD0058EE7C /* Info.plist */,
			);
			path = "iOS UtilUITests";
			sourceTree = "<group>";
		};
		8ACF94F01D2E57540058EE7C /* Category */ = {
			isa = PBXGroup;
			children = (
				8ACF94F11D2E57660058EE7C /* UIColor+Util.h */,
				8ACF94F21D2E57660058EE7C /* UIColor+Util.m */,
				8ACF94F41D2E57F80058EE7C /* CALayer+Util.h */,
				8ACF94F51D2E57F80058EE7C /* CALayer+Util.m */,
			);
			path = Category;
			sourceTree = "<group>";
		};
		8AFBF16D1D5C474500E1F683 /* SlideViewController */ = {
			isa = PBXGroup;
			children = (
				8AFCF6331D9B690E00D19482 /* TitlelLabel */,
				8A8C09AE1D9A471700DA35B7 /* ViewsInIt */,
				8AFBF16E1D5C479500E1F683 /* SildeNavViewController.h */,
				8AFBF16F1D5C479500E1F683 /* SildeNavViewController.m */,
				8A8C09B81D9A4AC200DA35B7 /* SLiderView.storyboard */,
			);
			name = SlideViewController;
			path = TableViewController;
			sourceTree = "<group>";
		};
		8AFBF1711D5C66FF00E1F683 /* ScrollView */ = {
			isa = PBXGroup;
			children = (
				8AFBF1721D5C671B00E1F683 /* Vergil_ScrollView.h */,
				8AFBF1731D5C671B00E1F683 /* Vergil_ScrollView.m */,
			);
			path = ScrollView;
			sourceTree = "<group>";
		};
		8AFCF6331D9B690E00D19482 /* TitlelLabel */ = {
			isa = PBXGroup;
			children = (
				8AFCF6341D9B692700D19482 /* SlideLabel.h */,
				8AFCF6351D9B692700D19482 /* SlideLabel.m */,
			);
			path = TitlelLabel;
			sourceTree = "<group>";
		};
		8AFF91291D2FBEEC00180BAD /* Controllers */ = {
			isa = PBXGroup;
			children = (
				8AFBF16D1D5C474500E1F683 /* SlideViewController */,
				8A05E3C01D5B159D0059C319 /* TextviewController */,
				8A50E14D1D3DF28A002DC69E /* WebViewController */,
				8A05E3BB1D5B12CB0059C319 /* Main.storyboard */,
				8AFF912A1D2FBF0000180BAD /* BaseViewController.h */,
				8AFF912B1D2FBF0000180BAD /* BaseViewController.m */,
				8A05E3BD1D5B12DF0059C319 /* MainViewController.h */,
				8A05E3BE1D5B12DF0059C319 /* MainViewController.m */,
			);
			path = Controllers;
			sourceTree = "<group>";
		};
/* End PBXGroup section */

/* Begin PBXNativeTarget section */
		8ACF94B91D2E56FD0058EE7C /* iOS Util */ = {
			isa = PBXNativeTarget;
			buildConfigurationList = 8ACF94E71D2E56FD0058EE7C /* Build configuration list for PBXNativeTarget "iOS Util" */;
			buildPhases = (
				8ACF94B61D2E56FD0058EE7C /* Sources */,
				8ACF94B71D2E56FD0058EE7C /* Frameworks */,
				8ACF94B81D2E56FD0058EE7C /* Resources */,
			);
			buildRules = (
			);
			dependencies = (
			);
			name = "iOS Util";
			productName = "iOS Util";
			productReference = 8ACF94BA1D2E56FD0058EE7C /* iOS Util.app */;
			productType = "com.apple.product-type.application";
		};
		8ACF94D21D2E56FD0058EE7C /* iOS UtilTests */ = {
			isa = PBXNativeTarget;
			buildConfigurationList = 8ACF94EA1D2E56FD0058EE7C /* Build configuration list for PBXNativeTarget "iOS UtilTests" */;
			buildPhases = (
				8ACF94CF1D2E56FD0058EE7C /* Sources */,
				8ACF94D01D2E56FD0058EE7C /* Frameworks */,
				8ACF94D11D2E56FD0058EE7C /* Resources */,
			);
			buildRules = (
			);
			dependencies = (
				8ACF94D51D2E56FD0058EE7C /* PBXTargetDependency */,
			);
			name = "iOS UtilTests";
			productName = "iOS UtilTests";
			productReference = 8ACF94D31D2E56FD0058EE7C /* iOS UtilTests.xctest */;
			productType = "com.apple.product-type.bundle.unit-test";
		};
		8ACF94DD1D2E56FD0058EE7C /* iOS UtilUITests */ = {
			isa = PBXNativeTarget;
			buildConfigurationList = 8ACF94ED1D2E56FD0058EE7C /* Build configuration list for PBXNativeTarget "iOS UtilUITests" */;
			buildPhases = (
				8ACF94DA1D2E56FD0058EE7C /* Sources */,
				8ACF94DB1D2E56FD0058EE7C /* Frameworks */,
				8ACF94DC1D2E56FD0058EE7C /* Resources */,
			);
			buildRules = (
			);
			dependencies = (
				8ACF94E01D2E56FD0058EE7C /* PBXTargetDependency */,
			);
			name = "iOS UtilUITests";
			productName = "iOS UtilUITests";
			productReference = 8ACF94DE1D2E56FD0058EE7C /* iOS UtilUITests.xctest */;
			productType = "com.apple.product-type.bundle.ui-testing";
		};
/* End PBXNativeTarget section */

/* Begin PBXProject section */
		8ACF94B21D2E56FD0058EE7C /* Project object */ = {
			isa = PBXProject;
			attributes = {
				LastUpgradeCheck = 0800;
				ORGANIZATIONNAME = "黄聪";
				TargetAttributes = {
					8ACF94B91D2E56FD0058EE7C = {
						CreatedOnToolsVersion = 7.3.1;
					};
					8ACF94D21D2E56FD0058EE7C = {
						CreatedOnToolsVersion = 7.3.1;
						TestTargetID = 8ACF94B91D2E56FD0058EE7C;
					};
					8ACF94DD1D2E56FD0058EE7C = {
						CreatedOnToolsVersion = 7.3.1;
						TestTargetID = 8ACF94B91D2E56FD0058EE7C;
					};
				};
			};
			buildConfigurationList = 8ACF94B51D2E56FD0058EE7C /* Build configuration list for PBXProject "iOS Util" */;
			compatibilityVersion = "Xcode 3.2";
			developmentRegion = English;
			hasScannedForEncodings = 0;
			knownRegions = (
				en,
				Base,
			);
			mainGroup = 8ACF94B11D2E56FD0058EE7C;
			productRefGroup = 8ACF94BB1D2E56FD0058EE7C /* Products */;
			projectDirPath = "";
			projectRoot = "";
			targets = (
				8ACF94B91D2E56FD0058EE7C /* iOS Util */,
				8ACF94D21D2E56FD0058EE7C /* iOS UtilTests */,
				8ACF94DD1D2E56FD0058EE7C /* iOS UtilUITests */,
			);
		};
/* End PBXProject section */

/* Begin PBXResourcesBuildPhase section */
		8ACF94B81D2E56FD0058EE7C /* Resources */ = {
			isa = PBXResourcesBuildPhase;
			buildActionMask = 2147483647;
			files = (
				8A05E3BC1D5B12CB0059C319 /* Main.storyboard in Resources */,
				8ACF94CD1D2E56FD0058EE7C /* LaunchScreen.storyboard in Resources */,
				8A8C09B91D9A4AC200DA35B7 /* SLiderView.storyboard in Resources */,
				8ACF94CA1D2E56FD0058EE7C /* Assets.xcassets in Resources */,
			);
			runOnlyForDeploymentPostprocessing = 0;
		};
		8ACF94D11D2E56FD0058EE7C /* Resources */ = {
			isa = PBXResourcesBuildPhase;
			buildActionMask = 2147483647;
			files = (
			);
			runOnlyForDeploymentPostprocessing = 0;
		};
		8ACF94DC1D2E56FD0058EE7C /* Resources */ = {
			isa = PBXResourcesBuildPhase;
			buildActionMask = 2147483647;
			files = (
			);
			runOnlyForDeploymentPostprocessing = 0;
		};
/* End PBXResourcesBuildPhase section */

/* Begin PBXSourcesBuildPhase section */
		8ACF94B61D2E56FD0058EE7C /* Sources */ = {
			isa = PBXSourcesBuildPhase;
			buildActionMask = 2147483647;
			files = (
				8A05E3C31D5B15AB0059C319 /* TextViewViewController.m in Sources */,
				8ACF94C21D2E56FD0058EE7C /* AppDelegate.m in Sources */,
				8AFF912C1D2FBF0000180BAD /* BaseViewController.m in Sources */,
				8A05E3BF1D5B12DF0059C319 /* MainViewController.m in Sources */,
				8AFBF1741D5C671B00E1F683 /* Vergil_ScrollView.m in Sources */,
				8A8C09B41D9A479A00DA35B7 /* SecViewCtrl.m in Sources */,
				8A8C09B11D9A478900DA35B7 /* FirstViewCtrl.m in Sources */,
				8A50E1521D3DF2ED002DC69E /* WebViewController.m in Sources */,
				8AFCF6361D9B692700D19482 /* SlideLabel.m in Sources */,
				8ACF94BF1D2E56FD0058EE7C /* main.m in Sources */,
				8A50E14B1D3DF22B002DC69E /* Vergil_TextView.m in Sources */,
				8ACF94F61D2E57F80058EE7C /* CALayer+Util.m in Sources */,
				8A8C09B71D9A47AA00DA35B7 /* ThirViewCtrl.m in Sources */,
				8A50E1551D3DF9A3002DC69E /* Vergil_WKWebView.m in Sources */,
				8AFBF1701D5C479500E1F683 /* SildeNavViewController.m in Sources */,
				8ACF94F31D2E57660058EE7C /* UIColor+Util.m in Sources */,
			);
			runOnlyForDeploymentPostprocessing = 0;
		};
		8ACF94CF1D2E56FD0058EE7C /* Sources */ = {
			isa = PBXSourcesBuildPhase;
			buildActionMask = 2147483647;
			files = (
				8ACF94D81D2E56FD0058EE7C /* iOS_UtilTests.m in Sources */,
			);
			runOnlyForDeploymentPostprocessing = 0;
		};
		8ACF94DA1D2E56FD0058EE7C /* Sources */ = {
			isa = PBXSourcesBuildPhase;
			buildActionMask = 2147483647;
			files = (
				8ACF94E31D2E56FD0058EE7C /* iOS_UtilUITests.m in Sources */,
			);
			runOnlyForDeploymentPostprocessing = 0;
		};
/* End PBXSourcesBuildPhase section */

/* Begin PBXTargetDependency section */
		8ACF94D51D2E56FD0058EE7C /* PBXTargetDependency */ = {
			isa = PBXTargetDependency;
			target = 8ACF94B91D2E56FD0058EE7C /* iOS Util */;
			targetProxy = 8ACF94D41D2E56FD0058EE7C /* PBXContainerItemProxy */;
		};
		8ACF94E01D2E56FD0058EE7C /* PBXTargetDependency */ = {
			isa = PBXTargetDependency;
			target = 8ACF94B91D2E56FD0058EE7C /* iOS Util */;
			targetProxy = 8ACF94DF1D2E56FD0058EE7C /* PBXContainerItemProxy */;
		};
/* End PBXTargetDependency section */

/* Begin PBXVariantGroup section */
		8ACF94CB1D2E56FD0058EE7C /* LaunchScreen.storyboard */ = {
			isa = PBXVariantGroup;
			children = (
				8ACF94CC1D2E56FD0058EE7C /* Base */,
			);
			name = LaunchScreen.storyboard;
			sourceTree = "<group>";
		};
/* End PBXVariantGroup section */

/* Begin XCBuildConfiguration section */
		8ACF94E51D2E56FD0058EE7C /* Debug */ = {
			isa = XCBuildConfiguration;
			buildSettings = {
				ALWAYS_SEARCH_USER_PATHS = NO;
				CLANG_ANALYZER_NONNULL = YES;
				CLANG_CXX_LANGUAGE_STANDARD = "gnu++0x";
				CLANG_CXX_LIBRARY = "libc++";
				CLANG_ENABLE_MODULES = YES;
				CLANG_ENABLE_OBJC_ARC = YES;
				CLANG_WARN_BOOL_CONVERSION = YES;
				CLANG_WARN_CONSTANT_CONVERSION = YES;
				CLANG_WARN_DIRECT_OBJC_ISA_USAGE = YES_ERROR;
				CLANG_WARN_EMPTY_BODY = YES;
				CLANG_WARN_ENUM_CONVERSION = YES;
				CLANG_WARN_INFINITE_RECURSION = YES;
				CLANG_WARN_INT_CONVERSION = YES;
				CLANG_WARN_OBJC_ROOT_CLASS = YES_ERROR;
				CLANG_WARN_SUSPICIOUS_MOVE = YES;
				CLANG_WARN_UNREACHABLE_CODE = YES;
				CLANG_WARN__DUPLICATE_METHOD_MATCH = YES;
				"CODE_SIGN_IDENTITY[sdk=iphoneos*]" = "iPhone Developer";
				COPY_PHASE_STRIP = NO;
				DEBUG_INFORMATION_FORMAT = dwarf;
				ENABLE_STRICT_OBJC_MSGSEND = YES;
				ENABLE_TESTABILITY = YES;
				GCC_C_LANGUAGE_STANDARD = gnu99;
				GCC_DYNAMIC_NO_PIC = NO;
				GCC_NO_COMMON_BLOCKS = YES;
				GCC_OPTIMIZATION_LEVEL = 0;
				GCC_PREFIX_HEADER = "$(SRCROOT)/iOS Util/Util.pch";
				GCC_PREPROCESSOR_DEFINITIONS = (
					"DEBUG=1",
					"$(inherited)",
				);
				GCC_WARN_64_TO_32_BIT_CONVERSION = YES;
				GCC_WARN_ABOUT_RETURN_TYPE = YES_ERROR;
				GCC_WARN_UNDECLARED_SELECTOR = YES;
				GCC_WARN_UNINITIALIZED_AUTOS = YES_AGGRESSIVE;
				GCC_WARN_UNUSED_FUNCTION = YES;
				GCC_WARN_UNUSED_VARIABLE = YES;
				IPHONEOS_DEPLOYMENT_TARGET = 9.3;
				MTL_ENABLE_DEBUG_INFO = YES;
				ONLY_ACTIVE_ARCH = YES;
				SDKROOT = iphoneos;
				TARGETED_DEVICE_FAMILY = "1,2";
			};
			name = Debug;
		};
		8ACF94E61D2E56FD0058EE7C /* Release */ = {
			isa = XCBuildConfiguration;
			buildSettings = {
				ALWAYS_SEARCH_USER_PATHS = NO;
				CLANG_ANALYZER_NONNULL = YES;
				CLANG_CXX_LANGUAGE_STANDARD = "gnu++0x";
				CLANG_CXX_LIBRARY = "libc++";
				CLANG_ENABLE_MODULES = YES;
				CLANG_ENABLE_OBJC_ARC = YES;
				CLANG_WARN_BOOL_CONVERSION = YES;
				CLANG_WARN_CONSTANT_CONVERSION = YES;
				CLANG_WARN_DIRECT_OBJC_ISA_USAGE = YES_ERROR;
				CLANG_WARN_EMPTY_BODY = YES;
				CLANG_WARN_ENUM_CONVERSION = YES;
				CLANG_WARN_INFINITE_RECURSION = YES;
				CLANG_WARN_INT_CONVERSION = YES;
				CLANG_WARN_OBJC_ROOT_CLASS = YES_ERROR;
				CLANG_WARN_SUSPICIOUS_MOVE = YES;
				CLANG_WARN_UNREACHABLE_CODE = YES;
				CLANG_WARN__DUPLICATE_METHOD_MATCH = YES;
				"CODE_SIGN_IDENTITY[sdk=iphoneos*]" = "iPhone Developer";
				COPY_PHASE_STRIP = NO;
				DEBUG_INFORMATION_FORMAT = "dwarf-with-dsym";
				ENABLE_NS_ASSERTIONS = NO;
				ENABLE_STRICT_OBJC_MSGSEND = YES;
				GCC_C_LANGUAGE_STANDARD = gnu99;
				GCC_NO_COMMON_BLOCKS = YES;
				GCC_PREFIX_HEADER = "$(SRCROOT)/iOS Util/Util.pch";
				GCC_WARN_64_TO_32_BIT_CONVERSION = YES;
				GCC_WARN_ABOUT_RETURN_TYPE = YES_ERROR;
				GCC_WARN_UNDECLARED_SELECTOR = YES;
				GCC_WARN_UNINITIALIZED_AUTOS = YES_AGGRESSIVE;
				GCC_WARN_UNUSED_FUNCTION = YES;
				GCC_WARN_UNUSED_VARIABLE = YES;
				IPHONEOS_DEPLOYMENT_TARGET = 9.3;
				MTL_ENABLE_DEBUG_INFO = NO;
				SDKROOT = iphoneos;
				TARGETED_DEVICE_FAMILY = "1,2";
				VALIDATE_PRODUCT = YES;
			};
			name = Release;
		};
		8ACF94E81D2E56FD0058EE7C /* Debug */ = {
			isa = XCBuildConfiguration;
			buildSettings = {
				ASSETCATALOG_COMPILER_APPICON_NAME = AppIcon;
				INFOPLIST_FILE = "iOS Util/Info.plist";
				LD_RUNPATH_SEARCH_PATHS = "$(inherited) @executable_path/Frameworks";
				PRODUCT_BUNDLE_IDENTIFIER = "vergil.iOS-Util";
				PRODUCT_NAME = "$(TARGET_NAME)";
			};
			name = Debug;
		};
		8ACF94E91D2E56FD0058EE7C /* Release */ = {
			isa = XCBuildConfiguration;
			buildSettings = {
				ASSETCATALOG_COMPILER_APPICON_NAME = AppIcon;
				INFOPLIST_FILE = "iOS Util/Info.plist";
				LD_RUNPATH_SEARCH_PATHS = "$(inherited) @executable_path/Frameworks";
				PRODUCT_BUNDLE_IDENTIFIER = "vergil.iOS-Util";
				PRODUCT_NAME = "$(TARGET_NAME)";
			};
			name = Release;
		};
		8ACF94EB1D2E56FD0058EE7C /* Debug */ = {
			isa = XCBuildConfiguration;
			buildSettings = {
				BUNDLE_LOADER = "$(TEST_HOST)";
				INFOPLIST_FILE = "iOS UtilTests/Info.plist";
				LD_RUNPATH_SEARCH_PATHS = "$(inherited) @executable_path/Frameworks @loader_path/Frameworks";
				PRODUCT_BUNDLE_IDENTIFIER = "vergil.iOS-UtilTests";
				PRODUCT_NAME = "$(TARGET_NAME)";
				TEST_HOST = "$(BUILT_PRODUCTS_DIR)/iOS Util.app/iOS Util";
			};
			name = Debug;
		};
		8ACF94EC1D2E56FD0058EE7C /* Release */ = {
			isa = XCBuildConfiguration;
			buildSettings = {
				BUNDLE_LOADER = "$(TEST_HOST)";
				INFOPLIST_FILE = "iOS UtilTests/Info.plist";
				LD_RUNPATH_SEARCH_PATHS = "$(inherited) @executable_path/Frameworks @loader_path/Frameworks";
				PRODUCT_BUNDLE_IDENTIFIER = "vergil.iOS-UtilTests";
				PRODUCT_NAME = "$(TARGET_NAME)";
				TEST_HOST = "$(BUILT_PRODUCTS_DIR)/iOS Util.app/iOS Util";
			};
			name = Release;
		};
		8ACF94EE1D2E56FD0058EE7C /* Debug */ = {
			isa = XCBuildConfiguration;
			buildSettings = {
				INFOPLIST_FILE = "iOS UtilUITests/Info.plist";
				LD_RUNPATH_SEARCH_PATHS = "$(inherited) @executable_path/Frameworks @loader_path/Frameworks";
				PRODUCT_BUNDLE_IDENTIFIER = "vergil.iOS-UtilUITests";
				PRODUCT_NAME = "$(TARGET_NAME)";
				TEST_TARGET_NAME = "iOS Util";
			};
			name = Debug;
		};
		8ACF94EF1D2E56FD0058EE7C /* Release */ = {
			isa = XCBuildConfiguration;
			buildSettings = {
				INFOPLIST_FILE = "iOS UtilUITests/Info.plist";
				LD_RUNPATH_SEARCH_PATHS = "$(inherited) @executable_path/Frameworks @loader_path/Frameworks";
				PRODUCT_BUNDLE_IDENTIFIER = "vergil.iOS-UtilUITests";
				PRODUCT_NAME = "$(TARGET_NAME)";
				TEST_TARGET_NAME = "iOS Util";
			};
			name = Release;
		};
/* End XCBuildConfiguration section */

/* Begin XCConfigurationList section */
		8ACF94B51D2E56FD0058EE7C /* Build configuration list for PBXProject "iOS Util" */ = {
			isa = XCConfigurationList;
			buildConfigurations = (
				8ACF94E51D2E56FD0058EE7C /* Debug */,
				8ACF94E61D2E56FD0058EE7C /* Release */,
			);
			defaultConfigurationIsVisible = 0;
			defaultConfigurationName = Release;
		};
		8ACF94E71D2E56FD0058EE7C /* Build configuration list for PBXNativeTarget "iOS Util" */ = {
			isa = XCConfigurationList;
			buildConfigurations = (
				8ACF94E81D2E56FD0058EE7C /* Debug */,
				8ACF94E91D2E56FD0058EE7C /* Release */,
			);
			defaultConfigurationIsVisible = 0;
			defaultConfigurationName = Release;
		};
		8ACF94EA1D2E56FD0058EE7C /* Build configuration list for PBXNativeTarget "iOS UtilTests" */ = {
			isa = XCConfigurationList;
			buildConfigurations = (
				8ACF94EB1D2E56FD0058EE7C /* Debug */,
				8ACF94EC1D2E56FD0058EE7C /* Release */,
			);
			defaultConfigurationIsVisible = 0;
			defaultConfigurationName = Release;
		};
		8ACF94ED1D2E56FD0058EE7C /* Build configuration list for PBXNativeTarget "iOS UtilUITests" */ = {
			isa = XCConfigurationList;
			buildConfigurations = (
				8ACF94EE1D2E56FD0058EE7C /* Debug */,
				8ACF94EF1D2E56FD0058EE7C /* Release */,
			);
			defaultConfigurationIsVisible = 0;
			defaultConfigurationName = Release;
		};
/* End XCConfigurationList section */
	};
	rootObject = 8ACF94B21D2E56FD0058EE7C /* Project object */;
}
